
Microsoft Visual Studio Solution File, Format Version 12.00
# Visual Studio Version 17
VisualStudioVersion = 17.4.33110.190
MinimumVisualStudioVersion = 10.0.40219.1
Project("{9A19103F-16F7-4668-BE54-9A1E7A4F7556}") = "Area", "Area\Area.csproj", "{BF01983F-CCE5-47E7-B230-64D9F68BF641}"
EndProject
Project("{FAE04EC0-301F-11D3-BF4B-00C04F79EFBC}") = "Area.Tests", "Area.Tests\Area.Tests.csproj", "{81B10B4F-FF52-4E6E-8BEA-209F6FD2054F}"
EndProject
Global
	GlobalSection(SolutionConfigurationPlatforms) = preSolution
		Debug|Any CPU = Debug|Any CPU
		Release|Any CPU = Release|Any CPU
	EndGlobalSection
	GlobalSection(ProjectConfigurationPlatforms) = postSolution
		{BF01983F-CCE5-47E7-B230-64D9F68BF641}.Debug|Any CPU.ActiveCfg = Debug|Any CPU
		{BF01983F-CCE5-47E7-B230-64D9F68BF641}.Debug|Any CPU.Build.0 = Debug|Any CPU
		{BF01983F-CCE5-47E7-B230-64D9F68BF641}.Release|Any CPU.ActiveCfg = Release|Any CPU
		{BF01983F-CCE5-47E7-B230-64D9F68BF641}.Release|Any CPU.Build.0 = Release|Any CPU
		{81B10B4F-FF52-4E6E-8BEA-209F6FD2054F}.Debug|Any CPU.ActiveCfg = Debug|Any CPU
		{81B10B4F-FF52-4E6E-8BEA-209F6FD2054F}.Debug|Any CPU.Build.0 = Debug|Any CPU
		{81B10B4F-FF52-4E6E-8BEA-209F6FD2054F}.Release|Any CPU.ActiveCfg = Release|Any CPU
		{81B10B4F-FF52-4E6E-8BEA-209F6FD2054F}.Release|Any CPU.Build.0 = Release|Any CPU
	EndGlobalSection
	GlobalSection(SolutionProperties) = preSolution
		HideSolutionNode = FALSE
	EndGlobalSection
	GlobalSection(ExtensibilityGlobals) = postSolution
		SolutionGuid = {4A07A018-44C4-4AF2-BFB8-050C6DA39374}
	EndGlobalSection
EndGlobal
